
Microsoft Visual Studio Solution File, Format Version 12.00
# Visual Studio Version 16
VisualStudioVersion = 16.0.31829.152
MinimumVisualStudioVersion = 10.0.40219.1
Project("{FAE04EC0-301F-11D3-BF4B-00C04F79EFBC}") = "EmployeePayrollADO.NET", "EmployeePayrollADO.NET\EmployeePayrollADO.NET.csproj", "{AC241947-9E98-413C-B55B-C4F9E1E4E238}"
EndProject
Global
	GlobalSection(SolutionConfigurationPlatforms) = preSolution
		Debug|Any CPU = Debug|Any CPU
		Release|Any CPU = Release|Any CPU
	EndGlobalSection
	GlobalSection(ProjectConfigurationPlatforms) = postSolution
		{AC241947-9E98-413C-B55B-C4F9E1E4E238}.Debug|Any CPU.ActiveCfg = Debug|Any CPU
		{AC241947-9E98-413C-B55B-C4F9E1E4E238}.Debug|Any CPU.Build.0 = Debug|Any CPU
		{AC241947-9E98-413C-B55B-C4F9E1E4E238}.Release|Any CPU.ActiveCfg = Release|Any CPU
		{AC241947-9E98-413C-B55B-C4F9E1E4E238}.Release|Any CPU.Build.0 = Release|Any CPU
	EndGlobalSection
	GlobalSection(SolutionProperties) = preSolution
		HideSolutionNode = FALSE
	EndGlobalSection
	GlobalSection(ExtensibilityGlobals) = postSolution
		SolutionGuid = {149B8B34-CA3B-4574-B24E-6CD3E2366A99}
	EndGlobalSection
EndGlobal
